
Microsoft Visual Studio Solution File, Format Version 12.00
# Visual Studio 14
VisualStudioVersion = 14.0.23107.0
MinimumVisualStudioVersion = 10.0.40219.1
Project("{FAE04EC0-301F-11D3-BF4B-00C04F79EFBC}") = "Spreadsheet", "Spreadsheet\Spreadsheet.csproj", "{56EB475D-A2DE-41A1-8206-095089AA8B1B}"
EndProject
Project("{FAE04EC0-301F-11D3-BF4B-00C04F79EFBC}") = "Resources", "Resources\Resources.csproj", "{EB11AACA-88AE-4962-9395-A6ADC35FE87E}"
EndProject
Project("{FAE04EC0-301F-11D3-BF4B-00C04F79EFBC}") = "SpreadsheetTests", "SpreadsheetTests\SpreadsheetTests.csproj", "{5F29FBE9-7208-441E-A31D-F253A0A07AE3}"
EndProject
Global
	GlobalSection(SolutionConfigurationPlatforms) = preSolution
		Debug|Any CPU = Debug|Any CPU
		Release|Any CPU = Release|Any CPU
	EndGlobalSection
	GlobalSection(ProjectConfigurationPlatforms) = postSolution
		{56EB475D-A2DE-41A1-8206-095089AA8B1B}.Debug|Any CPU.ActiveCfg = Debug|Any CPU
		{56EB475D-A2DE-41A1-8206-095089AA8B1B}.Debug|Any CPU.Build.0 = Debug|Any CPU
		{56EB475D-A2DE-41A1-8206-095089AA8B1B}.Release|Any CPU.ActiveCfg = Release|Any CPU
		{56EB475D-A2DE-41A1-8206-095089AA8B1B}.Release|Any CPU.Build.0 = Release|Any CPU
		{EB11AACA-88AE-4962-9395-A6ADC35FE87E}.Debug|Any CPU.ActiveCfg = Debug|Any CPU
		{EB11AACA-88AE-4962-9395-A6ADC35FE87E}.Debug|Any CPU.Build.0 = Debug|Any CPU
		{EB11AACA-88AE-4962-9395-A6ADC35FE87E}.Release|Any CPU.ActiveCfg = Release|Any CPU
		{EB11AACA-88AE-4962-9395-A6ADC35FE87E}.Release|Any CPU.Build.0 = Release|Any CPU
		{5F29FBE9-7208-441E-A31D-F253A0A07AE3}.Debug|Any CPU.ActiveCfg = Debug|Any CPU
		{5F29FBE9-7208-441E-A31D-F253A0A07AE3}.Debug|Any CPU.Build.0 = Debug|Any CPU
		{5F29FBE9-7208-441E-A31D-F253A0A07AE3}.Release|Any CPU.ActiveCfg = Release|Any CPU
		{5F29FBE9-7208-441E-A31D-F253A0A07AE3}.Release|Any CPU.Build.0 = Release|Any CPU
	EndGlobalSection
	GlobalSection(SolutionProperties) = preSolution
		HideSolutionNode = FALSE
	EndGlobalSection
	GlobalSection(SubversionScc) = preSolution
		Svn-Managed = True
		Manager = AnkhSVN - Subversion Support for Visual Studio
	EndGlobalSection
EndGlobal
